
Microsoft Visual Studio Solution File, Format Version 12.00
# Visual Studio Version 16
VisualStudioVersion = 16.0.29609.76
MinimumVisualStudioVersion = 10.0.40219.1
Project("{9A19103F-16F7-4668-BE54-9A1E7A4F7556}") = "HandBrakeRenderer", "HandBrakeRenderer\HandBrakeRenderer.csproj", "{E62504E5-7FDA-4B79-B590-25B80A9C6CF5}"
EndProject
Global
	GlobalSection(SolutionConfigurationPlatforms) = preSolution
		Debug|Any CPU = Debug|Any CPU
		Debug|x64 = Debug|x64
		Release|Any CPU = Release|Any CPU
		Release|x64 = Release|x64
	EndGlobalSection
	GlobalSection(ProjectConfigurationPlatforms) = postSolution
		{E62504E5-7FDA-4B79-B590-25B80A9C6CF5}.Debug|Any CPU.ActiveCfg = Debug|Any CPU
		{E62504E5-7FDA-4B79-B590-25B80A9C6CF5}.Debug|Any CPU.Build.0 = Debug|Any CPU
		{E62504E5-7FDA-4B79-B590-25B80A9C6CF5}.Debug|x64.ActiveCfg = Debug|x64
		{E62504E5-7FDA-4B79-B590-25B80A9C6CF5}.Debug|x64.Build.0 = Debug|x64
		{E62504E5-7FDA-4B79-B590-25B80A9C6CF5}.Release|Any CPU.ActiveCfg = Release|Any CPU
		{E62504E5-7FDA-4B79-B590-25B80A9C6CF5}.Release|Any CPU.Build.0 = Release|Any CPU
		{E62504E5-7FDA-4B79-B590-25B80A9C6CF5}.Release|x64.ActiveCfg = Release|x64
		{E62504E5-7FDA-4B79-B590-25B80A9C6CF5}.Release|x64.Build.0 = Release|x64
	EndGlobalSection
	GlobalSection(SolutionProperties) = preSolution
		HideSolutionNode = FALSE
	EndGlobalSection
	GlobalSection(ExtensibilityGlobals) = postSolution
		SolutionGuid = {82A3A61F-54E7-4F51-AA26-43C89704F68F}
	EndGlobalSection
EndGlobal
